
Microsoft Visual Studio Solution File, Format Version 12.00
Project("{2150E333-8FDC-42A3-9474-1A3956D46DE8}") = "Shared", "Shared", "{25D9D388-6730-45D2-8F7D-86948E3CA6E7}"
EndProject
Project("{2150E333-8FDC-42A3-9474-1A3956D46DE8}") = "Services", "Services", "{A0C068AE-3AAF-4828-9C92-50CB38E19139}"
EndProject
Project("{2150E333-8FDC-42A3-9474-1A3956D46DE8}") = "Auth", "Auth", "{F34ECF64-0D48-4407-BDDD-CC2856FCF54B}"
EndProject
Project("{2150E333-8FDC-42A3-9474-1A3956D46DE8}") = "Document", "Document", "{685090C2-3811-43F8-8656-5F49F8C20FF0}"
EndProject
Project("{2150E333-8FDC-42A3-9474-1A3956D46DE8}") = "Notification", "Notification", "{04C34D00-ADED-4110-98EB-B8E4E5958130}"
EndProject
Project("{FAE04EC0-301F-11D3-BF4B-00C04F79EFBC}") = "Auth.API", "src\Auth\Auth.API\Auth.API.csproj", "{BC7EF8DE-C8FB-4690-9623-64B387E0AF11}"
EndProject
Project("{FAE04EC0-301F-11D3-BF4B-00C04F79EFBC}") = "Auth.Application", "src\Auth\Auth.Application\Auth.Application.csproj", "{7E27BF60-DB94-42A2-BF3F-6BA0AF7FECE7}"
EndProject
Project("{FAE04EC0-301F-11D3-BF4B-00C04F79EFBC}") = "Auth.Domain", "src\Auth\Auth.Domain\Auth.Domain.csproj", "{7C1BE8D2-6155-4A58-99A6-A4FE250407EC}"
EndProject
Project("{FAE04EC0-301F-11D3-BF4B-00C04F79EFBC}") = "Auth.Data", "src\Auth\Auth.Data\Auth.Data.csproj", "{08B57409-059D-4B02-BB2A-E846A08A1788}"
EndProject
Project("{FAE04EC0-301F-11D3-BF4B-00C04F79EFBC}") = "Document.API", "src\Document\Document.API\Document.API.csproj", "{5F6FBAC9-0622-4751-B25A-3198C53837A7}"
EndProject
Project("{FAE04EC0-301F-11D3-BF4B-00C04F79EFBC}") = "Document.Application", "src\Document\Document.Application\Document.Application.csproj", "{C72BF680-84BD-4EA9-9052-9DEB5FE4EA73}"
EndProject
Project("{FAE04EC0-301F-11D3-BF4B-00C04F79EFBC}") = "Document.Data", "src\Document\Document.Data\Document.Data.csproj", "{35E067DC-9713-458D-B88D-F42CF6C7C93D}"
EndProject
Project("{FAE04EC0-301F-11D3-BF4B-00C04F79EFBC}") = "Document.Domain", "src\Document\Document.Domain\Document.Domain.csproj", "{E4F86B29-F06D-4860-A198-2DA5924C2E73}"
EndProject
Project("{FAE04EC0-301F-11D3-BF4B-00C04F79EFBC}") = "Notification.API", "src\Notification\Notification.API\Notification.API.csproj", "{9064E886-7E91-4385-9860-41FA01780DD5}"
EndProject
Project("{FAE04EC0-301F-11D3-BF4B-00C04F79EFBC}") = "Notification.Application", "src\Notification\Notification.Application\Notification.Application.csproj", "{B3848B17-6845-4FEF-8260-8CB7B57272C0}"
EndProject
Project("{FAE04EC0-301F-11D3-BF4B-00C04F79EFBC}") = "Notification.Data", "src\Notification\Notification.Data\Notification.Data.csproj", "{70F6B283-518D-4DC1-83DD-044CBAD5A897}"
EndProject
Project("{FAE04EC0-301F-11D3-BF4B-00C04F79EFBC}") = "NotificationDomain", "src\Notification\Notification.Domain\NotificationDomain.csproj", "{A696333B-A946-478D-A388-0628FA0480F7}"
EndProject
Project("{FAE04EC0-301F-11D3-BF4B-00C04F79EFBC}") = "Core", "src\Shared\Core\Core.csproj", "{A1D6D3DA-1828-48C5-AC1C-F5F3E3DDEF47}"
EndProject
Global
	GlobalSection(SolutionConfigurationPlatforms) = preSolution
		Debug|Any CPU = Debug|Any CPU
		Release|Any CPU = Release|Any CPU
	EndGlobalSection
	GlobalSection(NestedProjects) = preSolution
		{F34ECF64-0D48-4407-BDDD-CC2856FCF54B} = {A0C068AE-3AAF-4828-9C92-50CB38E19139}
		{685090C2-3811-43F8-8656-5F49F8C20FF0} = {A0C068AE-3AAF-4828-9C92-50CB38E19139}
		{04C34D00-ADED-4110-98EB-B8E4E5958130} = {A0C068AE-3AAF-4828-9C92-50CB38E19139}
		{BC7EF8DE-C8FB-4690-9623-64B387E0AF11} = {F34ECF64-0D48-4407-BDDD-CC2856FCF54B}
		{7E27BF60-DB94-42A2-BF3F-6BA0AF7FECE7} = {F34ECF64-0D48-4407-BDDD-CC2856FCF54B}
		{7C1BE8D2-6155-4A58-99A6-A4FE250407EC} = {F34ECF64-0D48-4407-BDDD-CC2856FCF54B}
		{08B57409-059D-4B02-BB2A-E846A08A1788} = {F34ECF64-0D48-4407-BDDD-CC2856FCF54B}
		{5F6FBAC9-0622-4751-B25A-3198C53837A7} = {685090C2-3811-43F8-8656-5F49F8C20FF0}
		{C72BF680-84BD-4EA9-9052-9DEB5FE4EA73} = {685090C2-3811-43F8-8656-5F49F8C20FF0}
		{35E067DC-9713-458D-B88D-F42CF6C7C93D} = {685090C2-3811-43F8-8656-5F49F8C20FF0}
		{E4F86B29-F06D-4860-A198-2DA5924C2E73} = {685090C2-3811-43F8-8656-5F49F8C20FF0}
		{9064E886-7E91-4385-9860-41FA01780DD5} = {04C34D00-ADED-4110-98EB-B8E4E5958130}
		{B3848B17-6845-4FEF-8260-8CB7B57272C0} = {04C34D00-ADED-4110-98EB-B8E4E5958130}
		{70F6B283-518D-4DC1-83DD-044CBAD5A897} = {04C34D00-ADED-4110-98EB-B8E4E5958130}
		{A696333B-A946-478D-A388-0628FA0480F7} = {04C34D00-ADED-4110-98EB-B8E4E5958130}
		{A1D6D3DA-1828-48C5-AC1C-F5F3E3DDEF47} = {25D9D388-6730-45D2-8F7D-86948E3CA6E7}
	EndGlobalSection
	GlobalSection(ProjectConfigurationPlatforms) = postSolution
		{BC7EF8DE-C8FB-4690-9623-64B387E0AF11}.Debug|Any CPU.ActiveCfg = Debug|Any CPU
		{BC7EF8DE-C8FB-4690-9623-64B387E0AF11}.Debug|Any CPU.Build.0 = Debug|Any CPU
		{BC7EF8DE-C8FB-4690-9623-64B387E0AF11}.Release|Any CPU.ActiveCfg = Release|Any CPU
		{BC7EF8DE-C8FB-4690-9623-64B387E0AF11}.Release|Any CPU.Build.0 = Release|Any CPU
		{7E27BF60-DB94-42A2-BF3F-6BA0AF7FECE7}.Debug|Any CPU.ActiveCfg = Debug|Any CPU
		{7E27BF60-DB94-42A2-BF3F-6BA0AF7FECE7}.Debug|Any CPU.Build.0 = Debug|Any CPU
		{7E27BF60-DB94-42A2-BF3F-6BA0AF7FECE7}.Release|Any CPU.ActiveCfg = Release|Any CPU
		{7E27BF60-DB94-42A2-BF3F-6BA0AF7FECE7}.Release|Any CPU.Build.0 = Release|Any CPU
		{7C1BE8D2-6155-4A58-99A6-A4FE250407EC}.Debug|Any CPU.ActiveCfg = Debug|Any CPU
		{7C1BE8D2-6155-4A58-99A6-A4FE250407EC}.Debug|Any CPU.Build.0 = Debug|Any CPU
		{7C1BE8D2-6155-4A58-99A6-A4FE250407EC}.Release|Any CPU.ActiveCfg = Release|Any CPU
		{7C1BE8D2-6155-4A58-99A6-A4FE250407EC}.Release|Any CPU.Build.0 = Release|Any CPU
		{08B57409-059D-4B02-BB2A-E846A08A1788}.Debug|Any CPU.ActiveCfg = Debug|Any CPU
		{08B57409-059D-4B02-BB2A-E846A08A1788}.Debug|Any CPU.Build.0 = Debug|Any CPU
		{08B57409-059D-4B02-BB2A-E846A08A1788}.Release|Any CPU.ActiveCfg = Release|Any CPU
		{08B57409-059D-4B02-BB2A-E846A08A1788}.Release|Any CPU.Build.0 = Release|Any CPU
		{5F6FBAC9-0622-4751-B25A-3198C53837A7}.Debug|Any CPU.ActiveCfg = Debug|Any CPU
		{5F6FBAC9-0622-4751-B25A-3198C53837A7}.Debug|Any CPU.Build.0 = Debug|Any CPU
		{5F6FBAC9-0622-4751-B25A-3198C53837A7}.Release|Any CPU.ActiveCfg = Release|Any CPU
		{5F6FBAC9-0622-4751-B25A-3198C53837A7}.Release|Any CPU.Build.0 = Release|Any CPU
		{C72BF680-84BD-4EA9-9052-9DEB5FE4EA73}.Debug|Any CPU.ActiveCfg = Debug|Any CPU
		{C72BF680-84BD-4EA9-9052-9DEB5FE4EA73}.Debug|Any CPU.Build.0 = Debug|Any CPU
		{C72BF680-84BD-4EA9-9052-9DEB5FE4EA73}.Release|Any CPU.ActiveCfg = Release|Any CPU
		{C72BF680-84BD-4EA9-9052-9DEB5FE4EA73}.Release|Any CPU.Build.0 = Release|Any CPU
		{35E067DC-9713-458D-B88D-F42CF6C7C93D}.Debug|Any CPU.ActiveCfg = Debug|Any CPU
		{35E067DC-9713-458D-B88D-F42CF6C7C93D}.Debug|Any CPU.Build.0 = Debug|Any CPU
		{35E067DC-9713-458D-B88D-F42CF6C7C93D}.Release|Any CPU.ActiveCfg = Release|Any CPU
		{35E067DC-9713-458D-B88D-F42CF6C7C93D}.Release|Any CPU.Build.0 = Release|Any CPU
		{E4F86B29-F06D-4860-A198-2DA5924C2E73}.Debug|Any CPU.ActiveCfg = Debug|Any CPU
		{E4F86B29-F06D-4860-A198-2DA5924C2E73}.Debug|Any CPU.Build.0 = Debug|Any CPU
		{E4F86B29-F06D-4860-A198-2DA5924C2E73}.Release|Any CPU.ActiveCfg = Release|Any CPU
		{E4F86B29-F06D-4860-A198-2DA5924C2E73}.Release|Any CPU.Build.0 = Release|Any CPU
		{9064E886-7E91-4385-9860-41FA01780DD5}.Debug|Any CPU.ActiveCfg = Debug|Any CPU
		{9064E886-7E91-4385-9860-41FA01780DD5}.Debug|Any CPU.Build.0 = Debug|Any CPU
		{9064E886-7E91-4385-9860-41FA01780DD5}.Release|Any CPU.ActiveCfg = Release|Any CPU
		{9064E886-7E91-4385-9860-41FA01780DD5}.Release|Any CPU.Build.0 = Release|Any CPU
		{B3848B17-6845-4FEF-8260-8CB7B57272C0}.Debug|Any CPU.ActiveCfg = Debug|Any CPU
		{B3848B17-6845-4FEF-8260-8CB7B57272C0}.Debug|Any CPU.Build.0 = Debug|Any CPU
		{B3848B17-6845-4FEF-8260-8CB7B57272C0}.Release|Any CPU.ActiveCfg = Release|Any CPU
		{B3848B17-6845-4FEF-8260-8CB7B57272C0}.Release|Any CPU.Build.0 = Release|Any CPU
		{70F6B283-518D-4DC1-83DD-044CBAD5A897}.Debug|Any CPU.ActiveCfg = Debug|Any CPU
		{70F6B283-518D-4DC1-83DD-044CBAD5A897}.Debug|Any CPU.Build.0 = Debug|Any CPU
		{70F6B283-518D-4DC1-83DD-044CBAD5A897}.Release|Any CPU.ActiveCfg = Release|Any CPU
		{70F6B283-518D-4DC1-83DD-044CBAD5A897}.Release|Any CPU.Build.0 = Release|Any CPU
		{A696333B-A946-478D-A388-0628FA0480F7}.Debug|Any CPU.ActiveCfg = Debug|Any CPU
		{A696333B-A946-478D-A388-0628FA0480F7}.Debug|Any CPU.Build.0 = Debug|Any CPU
		{A696333B-A946-478D-A388-0628FA0480F7}.Release|Any CPU.ActiveCfg = Release|Any CPU
		{A696333B-A946-478D-A388-0628FA0480F7}.Release|Any CPU.Build.0 = Release|Any CPU
		{A1D6D3DA-1828-48C5-AC1C-F5F3E3DDEF47}.Debug|Any CPU.ActiveCfg = Debug|Any CPU
		{A1D6D3DA-1828-48C5-AC1C-F5F3E3DDEF47}.Debug|Any CPU.Build.0 = Debug|Any CPU
		{A1D6D3DA-1828-48C5-AC1C-F5F3E3DDEF47}.Release|Any CPU.ActiveCfg = Release|Any CPU
		{A1D6D3DA-1828-48C5-AC1C-F5F3E3DDEF47}.Release|Any CPU.Build.0 = Release|Any CPU
	EndGlobalSection
EndGlobal
